
Microsoft Visual Studio Solution File, Format Version 12.00
# Visual Studio Version 17
VisualStudioVersion = 17.13.35913.81 d17.13
MinimumVisualStudioVersion = 10.0.40219.1
Project("{888888A0-9F3D-457C-B088-3A5042F75D52}") = "Lab3", "Lab3.pyproj", "{8F439C49-565F-4EFD-8F9D-9127CFFA197D}"
EndProject
Global
	GlobalSection(SolutionConfigurationPlatforms) = preSolution
		Debug|Any CPU = Debug|Any CPU
		Release|Any CPU = Release|Any CPU
	EndGlobalSection
	GlobalSection(ProjectConfigurationPlatforms) = postSolution
		{8F439C49-565F-4EFD-8F9D-9127CFFA197D}.Debug|Any CPU.ActiveCfg = Debug|Any CPU
		{8F439C49-565F-4EFD-8F9D-9127CFFA197D}.Release|Any CPU.ActiveCfg = Release|Any CPU
	EndGlobalSection
	GlobalSection(SolutionProperties) = preSolution
		HideSolutionNode = FALSE
	EndGlobalSection
	GlobalSection(ExtensibilityGlobals) = postSolution
		SolutionGuid = {CAEBB612-4484-49BD-815B-A6BE916ECF95}
	EndGlobalSection
EndGlobal
